// !$*UTF8*$!
{
	archiveVersion = 1;
	classes = {
	};
	objectVersion = 46;
	objects = {

/* Begin PBXBuildFile section */
		035B60591AADA84700E41249 /* dir_posix.c in Sources */ = {isa = PBXBuildFile; fileRef = 035B60571AADA84700E41249 /* dir_posix.c */; };
		0360E0941AA9A305006B4276 /* readme.txt in Resources */ = {isa = PBXBuildFile; fileRef = 0360E0931AA9A305006B4276 /* readme.txt */; };
		0388C99F22E61BBE008BED68 /* CListQueue.c in Sources */ = {isa = PBXBuildFile; fileRef = 0388C97922E61BBD008BED68 /* CListQueue.c */; };
		0388C9A022E61BBE008BED68 /* CStr.c in Sources */ = {isa = PBXBuildFile; fileRef = 0388C97D22E61BBD008BED68 /* CStr.c */; };
		0388C9A122E61BBE008BED68 /* CButton.c in Sources */ = {isa = PBXBuildFile; fileRef = 0388C97F22E61BBD008BED68 /* CButton.c */; };
		0388C9A222E61BBE008BED68 /* CTimer.c in Sources */ = {isa = PBXBuildFile; fileRef = 0388C98122E61BBD008BED68 /* CTimer.c */; };
		0388C9A322E61BBE008BED68 /* CInput.c in Sources */ = {isa = PBXBuildFile; fileRef = 0388C98422E61BBE008BED68 /* CInput.c */; };
		0388C9A422E61BBE008BED68 /* CEntity.c in Sources */ = {isa = PBXBuildFile; fileRef = 0388C98622E61BBE008BED68 /* CEntity.c */; };
		0388C9A522E61BBE008BED68 /* CAnimation.c in Sources */ = {isa = PBXBuildFile; fileRef = 0388C98722E61BBE008BED68 /* CAnimation.c */; };
		0388C9A622E61BBE008BED68 /* CAnimationFrame.c in Sources */ = {isa = PBXBuildFile; fileRef = 0388C98922E61BBE008BED68 /* CAnimationFrame.c */; };
		0388C9A722E61BBE008BED68 /* LICENSE in Resources */ = {isa = PBXBuildFile; fileRef = 0388C98B22E61BBE008BED68 /* LICENSE */; };
		0388C9A822E61BBE008BED68 /* test1 in Resources */ = {isa = PBXBuildFile; fileRef = 0388C98E22E61BBE008BED68 /* test1 */; };
		0388C9A922E61BBE008BED68 /* test4 in Resources */ = {isa = PBXBuildFile; fileRef = 0388C98F22E61BBE008BED68 /* test4 */; };
		0388C9AA22E61BBE008BED68 /* test3 in Resources */ = {isa = PBXBuildFile; fileRef = 0388C99022E61BBE008BED68 /* test3 */; };
		0388C9AB22E61BBE008BED68 /* test2 in Resources */ = {isa = PBXBuildFile; fileRef = 0388C99122E61BBE008BED68 /* test2 */; };
		0388C9AC22E61BBE008BED68 /* test5 in Resources */ = {isa = PBXBuildFile; fileRef = 0388C99222E61BBE008BED68 /* test5 */; };
		0388C9AD22E61BBE008BED68 /* README in Resources */ = {isa = PBXBuildFile; fileRef = 0388C99322E61BBE008BED68 /* README */; };
		0388C9AE22E61BBE008BED68 /* cJSON.c in Sources */ = {isa = PBXBuildFile; fileRef = 0388C99422E61BBE008BED68 /* cJSON.c */; };
		0388C9AF22E61BBE008BED68 /* test.c in Sources */ = {isa = PBXBuildFile; fileRef = 0388C99522E61BBE008BED68 /* test.c */; };
		0388C9B022E61BBE008BED68 /* CSynth.c in Sources */ = {isa = PBXBuildFile; fileRef = 0388C99622E61BBE008BED68 /* CSynth.c */; };
		0388C9B122E61BBE008BED68 /* CTouch.c in Sources */ = {isa = PBXBuildFile; fileRef = 0388C99922E61BBE008BED68 /* CTouch.c */; };
		0388C9B222E61BBE008BED68 /* CAllocator.c in Sources */ = {isa = PBXBuildFile; fileRef = 0388C99B22E61BBE008BED68 /* CAllocator.c */; };
		0388C9B322E61BBE008BED68 /* CEngine.c in Sources */ = {isa = PBXBuildFile; fileRef = 0388C99D22E61BBE008BED68 /* CEngine.c */; };
		0388C9B422E61BBE008BED68 /* CLabel.c in Sources */ = {isa = PBXBuildFile; fileRef = 0388C99E22E61BBE008BED68 /* CLabel.c */; };
		0399B2F517F35C1D005ACCBE /* InfoPlist.strings in Resources */ = {isa = PBXBuildFile; fileRef = 0399B2F317F35C1D005ACCBE /* InfoPlist.strings */; };
		0399B2F717F35C1D005ACCBE /* main.c in Sources */ = {isa = PBXBuildFile; fileRef = 0399B2F617F35C1D005ACCBE /* main.c */; };
		03A4319C1DACE5670069859A /* catslayer.snibb in Resources */ = {isa = PBXBuildFile; fileRef = 03A431931DACE5670069859A /* catslayer.snibb */; };
		03A4319D1DACE5670069859A /* dunsa2.snibb in Resources */ = {isa = PBXBuildFile; fileRef = 03A431941DACE5670069859A /* dunsa2.snibb */; };
		03A4319E1DACE5670069859A /* fiskbolja.snibb in Resources */ = {isa = PBXBuildFile; fileRef = 03A431951DACE5670069859A /* fiskbolja.snibb */; };
		03A4319F1DACE5670069859A /* horizon.snibb in Resources */ = {isa = PBXBuildFile; fileRef = 03A431961DACE5670069859A /* horizon.snibb */; };
		03A431A01DACE5670069859A /* kissemisse.snibb in Resources */ = {isa = PBXBuildFile; fileRef = 03A431971DACE5670069859A /* kissemisse.snibb */; };
		03A431A11DACE5670069859A /* korvhastig.snibb in Resources */ = {isa = PBXBuildFile; fileRef = 03A431981DACE5670069859A /* korvhastig.snibb */; };
		03A431A21DACE5670069859A /* laptopmidi.snibb in Resources */ = {isa = PBXBuildFile; fileRef = 03A431991DACE5670069859A /* laptopmidi.snibb */; };
		03A431A31DACE5670069859A /* websnacks.snibb in Resources */ = {isa = PBXBuildFile; fileRef = 03A4319A1DACE5670069859A /* websnacks.snibb */; };
		03A431A41DACE5670069859A /* wrestchest.snibb in Resources */ = {isa = PBXBuildFile; fileRef = 03A4319B1DACE5670069859A /* wrestchest.snibb */; };
		03BA8FB31AFB3AF800F296DB /* [IconName].iconset in Resources */ = {isa = PBXBuildFile; fileRef = 03BA8FB21AFB3AF800F296DB /* [IconName].iconset */; };
		03BA8FB61AFB5C4F00F296DB /* config.txt in Resources */ = {isa = PBXBuildFile; fileRef = 03BA8FB51AFB5C4F00F296DB /* config.txt */; };
		03BA8FB81AFB5EAB00F296DB /* osx_settings.m in Sources */ = {isa = PBXBuildFile; fileRef = 03BA8FB71AFB5EAB00F296DB /* osx_settings.m */; };
		03EB37241DB0FF720026857F /* projectcart.snibb in Resources */ = {isa = PBXBuildFile; fileRef = 03EB37231DB0FF720026857F /* projectcart.snibb */; };
		03FCECB317F606C20045D4FB /* SDL2.framework in Frameworks */ = {isa = PBXBuildFile; fileRef = 0399B30717F35D84005ACCBE /* SDL2.framework */; };
		03FCECB417F606D50045D4FB /* SDL2.framework in CopyFiles */ = {isa = PBXBuildFile; fileRef = 0399B30717F35D84005ACCBE /* SDL2.framework */; settings = {ATTRIBUTES = (CodeSignOnCopy, ); }; };
/* End PBXBuildFile section */

/* Begin PBXCopyFilesBuildPhase section */
		03FD05B817F361CA00E1F97F /* CopyFiles */ = {
			isa = PBXCopyFilesBuildPhase;
			buildActionMask = 2147483647;
			dstPath = "";
			dstSubfolderSpec = 10;
			files = (
				03FCECB417F606D50045D4FB /* SDL2.framework in CopyFiles */,
			);
			runOnlyForDeploymentPostprocessing = 0;
		};
/* End PBXCopyFilesBuildPhase section */

/* Begin PBXFileReference section */
		033AC4891A99DEC000183CD7 /* chars_gfx.h */ = {isa = PBXFileReference; lastKnownFileType = sourcecode.c.h; path = chars_gfx.h; sourceTree = "<group>"; };
		035B60571AADA84700E41249 /* dir_posix.c */ = {isa = PBXFileReference; fileEncoding = 4; lastKnownFileType = sourcecode.c.c; path = dir_posix.c; sourceTree = "<group>"; };
		035B60581AADA84700E41249 /* dir_posix.h */ = {isa = PBXFileReference; fileEncoding = 4; lastKnownFileType = sourcecode.c.h; path = dir_posix.h; sourceTree = "<group>"; };
		035B605A1AADAA3100E41249 /* file_settings.h */ = {isa = PBXFileReference; lastKnownFileType = sourcecode.c.h; path = file_settings.h; sourceTree = "<group>"; };
		0360E0931AA9A305006B4276 /* readme.txt */ = {isa = PBXFileReference; fileEncoding = 4; lastKnownFileType = text; path = readme.txt; sourceTree = "<group>"; };
		03758DED1A9C7451005882C2 /* OpenGL.framework */ = {isa = PBXFileReference; lastKnownFileType = wrapper.framework; name = OpenGL.framework; path = System/Library/Frameworks/OpenGL.framework; sourceTree = SDKROOT; };
		0388C97822E61BBD008BED68 /* CSynth.h */ = {isa = PBXFileReference; fileEncoding = 4; lastKnownFileType = sourcecode.c.h; path = CSynth.h; sourceTree = "<group>"; };
		0388C97922E61BBD008BED68 /* CListQueue.c */ = {isa = PBXFileReference; fileEncoding = 4; lastKnownFileType = sourcecode.c.c; path = CListQueue.c; sourceTree = "<group>"; };
		0388C97A22E61BBD008BED68 /* CEntity.h */ = {isa = PBXFileReference; fileEncoding = 4; lastKnownFileType = sourcecode.c.h; path = CEntity.h; sourceTree = "<group>"; };
		0388C97B22E61BBD008BED68 /* CTimer.h */ = {isa = PBXFileReference; fileEncoding = 4; lastKnownFileType = sourcecode.c.h; path = CTimer.h; sourceTree = "<group>"; };
		0388C97C22E61BBD008BED68 /* CAnimation.h */ = {isa = PBXFileReference; fileEncoding = 4; lastKnownFileType = sourcecode.c.h; path = CAnimation.h; sourceTree = "<group>"; };
		0388C97D22E61BBD008BED68 /* CStr.c */ = {isa = PBXFileReference; fileEncoding = 4; lastKnownFileType = sourcecode.c.c; path = CStr.c; sourceTree = "<group>"; };
		0388C97E22E61BBD008BED68 /* CEngine.h */ = {isa = PBXFileReference; fileEncoding = 4; lastKnownFileType = sourcecode.c.h; path = CEngine.h; sourceTree = "<group>"; };
		0388C97F22E61BBD008BED68 /* CButton.c */ = {isa = PBXFileReference; fileEncoding = 4; lastKnownFileType = sourcecode.c.c; path = CButton.c; sourceTree = "<group>"; };
		0388C98022E61BBD008BED68 /* CAnimationFrame.h */ = {isa = PBXFileReference; fileEncoding = 4; lastKnownFileType = sourcecode.c.h; path = CAnimationFrame.h; sourceTree = "<group>"; };
		0388C98122E61BBD008BED68 /* CTimer.c */ = {isa = PBXFileReference; fileEncoding = 4; lastKnownFileType = sourcecode.c.c; path = CTimer.c; sourceTree = "<group>"; };
		0388C98222E61BBD008BED68 /* CAllocator.h */ = {isa = PBXFileReference; fileEncoding = 4; lastKnownFileType = sourcecode.c.h; path = CAllocator.h; sourceTree = "<group>"; };
		0388C98322E61BBD008BED68 /* CStr.h */ = {isa = PBXFileReference; fileEncoding = 4; lastKnownFileType = sourcecode.c.h; path = CStr.h; sourceTree = "<group>"; };
		0388C98422E61BBE008BED68 /* CInput.c */ = {isa = PBXFileReference; fileEncoding = 4; lastKnownFileType = sourcecode.c.c; path = CInput.c; sourceTree = "<group>"; };
		0388C98522E61BBE008BED68 /* CLabel.h */ = {isa = PBXFileReference; fileEncoding = 4; lastKnownFileType = sourcecode.c.h; path = CLabel.h; sourceTree = "<group>"; };
		0388C98622E61BBE008BED68 /* CEntity.c */ = {isa = PBXFileReference; fileEncoding = 4; lastKnownFileType = sourcecode.c.c; path = CEntity.c; sourceTree = "<group>"; };
		0388C98722E61BBE008BED68 /* CAnimation.c */ = {isa = PBXFileReference; fileEncoding = 4; lastKnownFileType = sourcecode.c.c; path = CAnimation.c; sourceTree = "<group>"; };
		0388C98822E61BBE008BED68 /* CButton.h */ = {isa = PBXFileReference; fileEncoding = 4; lastKnownFileType = sourcecode.c.h; path = CButton.h; sourceTree = "<group>"; };
		0388C98922E61BBE008BED68 /* CAnimationFrame.c */ = {isa = PBXFileReference; fileEncoding = 4; lastKnownFileType = sourcecode.c.c; path = CAnimationFrame.c; sourceTree = "<group>"; };
		0388C98B22E61BBE008BED68 /* LICENSE */ = {isa = PBXFileReference; fileEncoding = 4; lastKnownFileType = text; path = LICENSE; sourceTree = "<group>"; };
		0388C98C22E61BBE008BED68 /* cJSON.h */ = {isa = PBXFileReference; fileEncoding = 4; lastKnownFileType = sourcecode.c.h; path = cJSON.h; sourceTree = "<group>"; };
		0388C98E22E61BBE008BED68 /* test1 */ = {isa = PBXFileReference; fileEncoding = 4; lastKnownFileType = text; path = test1; sourceTree = "<group>"; };
		0388C98F22E61BBE008BED68 /* test4 */ = {isa = PBXFileReference; fileEncoding = 4; lastKnownFileType = text; path = test4; sourceTree = "<group>"; };
		0388C99022E61BBE008BED68 /* test3 */ = {isa = PBXFileReference; fileEncoding = 4; lastKnownFileType = text; path = test3; sourceTree = "<group>"; };
		0388C99122E61BBE008BED68 /* test2 */ = {isa = PBXFileReference; fileEncoding = 4; lastKnownFileType = text; path = test2; sourceTree = "<group>"; };
		0388C99222E61BBE008BED68 /* test5 */ = {isa = PBXFileReference; fileEncoding = 4; lastKnownFileType = text; path = test5; sourceTree = "<group>"; };
		0388C99322E61BBE008BED68 /* README */ = {isa = PBXFileReference; fileEncoding = 4; lastKnownFileType = text; path = README; sourceTree = "<group>"; };
		0388C99422E61BBE008BED68 /* cJSON.c */ = {isa = PBXFileReference; fileEncoding = 4; lastKnownFileType = sourcecode.c.c; path = cJSON.c; sourceTree = "<group>"; };
		0388C99522E61BBE008BED68 /* test.c */ = {isa = PBXFileReference; fileEncoding = 4; lastKnownFileType = sourcecode.c.c; path = test.c; sourceTree = "<group>"; };
		0388C99622E61BBE008BED68 /* CSynth.c */ = {isa = PBXFileReference; fileEncoding = 4; lastKnownFileType = sourcecode.c.c; path = CSynth.c; sourceTree = "<group>"; };
		0388C99722E61BBE008BED68 /* CTouch.h */ = {isa = PBXFileReference; fileEncoding = 4; lastKnownFileType = sourcecode.c.h; path = CTouch.h; sourceTree = "<group>"; };
		0388C99822E61BBE008BED68 /* CInput.h */ = {isa = PBXFileReference; fileEncoding = 4; lastKnownFileType = sourcecode.c.h; path = CInput.h; sourceTree = "<group>"; };
		0388C99922E61BBE008BED68 /* CTouch.c */ = {isa = PBXFileReference; fileEncoding = 4; lastKnownFileType = sourcecode.c.c; path = CTouch.c; sourceTree = "<group>"; };
		0388C99A22E61BBE008BED68 /* CListQueue.h */ = {isa = PBXFileReference; fileEncoding = 4; lastKnownFileType = sourcecode.c.h; path = CListQueue.h; sourceTree = "<group>"; };
		0388C99B22E61BBE008BED68 /* CAllocator.c */ = {isa = PBXFileReference; fileEncoding = 4; lastKnownFileType = sourcecode.c.c; path = CAllocator.c; sourceTree = "<group>"; };
		0388C99C22E61BBE008BED68 /* CNoiseTable.h */ = {isa = PBXFileReference; fileEncoding = 4; lastKnownFileType = sourcecode.c.h; path = CNoiseTable.h; sourceTree = "<group>"; };
		0388C99D22E61BBE008BED68 /* CEngine.c */ = {isa = PBXFileReference; fileEncoding = 4; lastKnownFileType = sourcecode.c.c; path = CEngine.c; sourceTree = "<group>"; };
		0388C99E22E61BBE008BED68 /* CLabel.c */ = {isa = PBXFileReference; fileEncoding = 4; lastKnownFileType = sourcecode.c.c; path = CLabel.c; sourceTree = "<group>"; };
		0399B2E717F35C1D005ACCBE /* snibbetracker.app */ = {isa = PBXFileReference; explicitFileType = wrapper.application; includeInIndex = 0; path = snibbetracker.app; sourceTree = BUILT_PRODUCTS_DIR; };
		0399B2F217F35C1D005ACCBE /* snibbetracker-Info.plist */ = {isa = PBXFileReference; lastKnownFileType = text.plist.xml; path = "snibbetracker-Info.plist"; sourceTree = "<group>"; };
		0399B2F417F35C1D005ACCBE /* en */ = {isa = PBXFileReference; lastKnownFileType = text.plist.strings; name = en; path = en.lproj/InfoPlist.strings; sourceTree = "<group>"; };
		0399B2F617F35C1D005ACCBE /* main.c */ = {isa = PBXFileReference; lastKnownFileType = sourcecode.c.c; path = main.c; sourceTree = "<group>"; };
		0399B30717F35D84005ACCBE /* SDL2.framework */ = {isa = PBXFileReference; lastKnownFileType = wrapper.framework; name = SDL2.framework; path = /Library/Frameworks/SDL2.framework; sourceTree = "<absolute>"; };
		03A431931DACE5670069859A /* catslayer.snibb */ = {isa = PBXFileReference; fileEncoding = 4; lastKnownFileType = text; path = catslayer.snibb; sourceTree = "<group>"; };
		03A431941DACE5670069859A /* dunsa2.snibb */ = {isa = PBXFileReference; fileEncoding = 4; lastKnownFileType = text; path = dunsa2.snibb; sourceTree = "<group>"; };
		03A431951DACE5670069859A /* fiskbolja.snibb */ = {isa = PBXFileReference; fileEncoding = 4; lastKnownFileType = text; path = fiskbolja.snibb; sourceTree = "<group>"; };
		03A431961DACE5670069859A /* horizon.snibb */ = {isa = PBXFileReference; fileEncoding = 4; lastKnownFileType = text; path = horizon.snibb; sourceTree = "<group>"; };
		03A431971DACE5670069859A /* kissemisse.snibb */ = {isa = PBXFileReference; fileEncoding = 4; lastKnownFileType = text; path = kissemisse.snibb; sourceTree = "<group>"; };
		03A431981DACE5670069859A /* korvhastig.snibb */ = {isa = PBXFileReference; fileEncoding = 4; lastKnownFileType = text; path = korvhastig.snibb; sourceTree = "<group>"; };
		03A431991DACE5670069859A /* laptopmidi.snibb */ = {isa = PBXFileReference; fileEncoding = 4; lastKnownFileType = text; path = laptopmidi.snibb; sourceTree = "<group>"; };
		03A4319A1DACE5670069859A /* websnacks.snibb */ = {isa = PBXFileReference; fileEncoding = 4; lastKnownFileType = text; path = websnacks.snibb; sourceTree = "<group>"; };
		03A4319B1DACE5670069859A /* wrestchest.snibb */ = {isa = PBXFileReference; fileEncoding = 4; lastKnownFileType = text; path = wrestchest.snibb; sourceTree = "<group>"; };
		03BA8FB21AFB3AF800F296DB /* [IconName].iconset */ = {isa = PBXFileReference; lastKnownFileType = folder.iconset; path = "[IconName].iconset"; sourceTree = "<group>"; };
		03BA8FB51AFB5C4F00F296DB /* config.txt */ = {isa = PBXFileReference; fileEncoding = 4; lastKnownFileType = text; path = config.txt; sourceTree = "<group>"; };
		03BA8FB71AFB5EAB00F296DB /* osx_settings.m */ = {isa = PBXFileReference; fileEncoding = 4; lastKnownFileType = sourcecode.c.objc; path = osx_settings.m; sourceTree = "<group>"; };
		03BA8FB91AFB5EB800F296DB /* osx_settings.h */ = {isa = PBXFileReference; lastKnownFileType = sourcecode.c.h; path = osx_settings.h; sourceTree = "<group>"; };
		03C75C971A96370E00DA3DE7 /* AppKit.framework */ = {isa = PBXFileReference; lastKnownFileType = wrapper.framework; name = AppKit.framework; path = System/Library/Frameworks/AppKit.framework; sourceTree = SDKROOT; };
		03EB37231DB0FF720026857F /* projectcart.snibb */ = {isa = PBXFileReference; fileEncoding = 4; lastKnownFileType = text; path = projectcart.snibb; sourceTree = "<group>"; };
/* End PBXFileReference section */

/* Begin PBXFrameworksBuildPhase section */
		0399B2E417F35C1D005ACCBE /* Frameworks */ = {
			isa = PBXFrameworksBuildPhase;
			buildActionMask = 2147483647;
			files = (
				03FCECB317F606C20045D4FB /* SDL2.framework in Frameworks */,
			);
			runOnlyForDeploymentPostprocessing = 0;
		};
/* End PBXFrameworksBuildPhase section */

/* Begin PBXGroup section */
		0388C97722E61A87008BED68 /* src */ = {
			isa = PBXGroup;
			children = (
				0388C99B22E61BBE008BED68 /* CAllocator.c */,
				0388C98222E61BBD008BED68 /* CAllocator.h */,
				0388C98722E61BBE008BED68 /* CAnimation.c */,
				0388C97C22E61BBD008BED68 /* CAnimation.h */,
				0388C98922E61BBE008BED68 /* CAnimationFrame.c */,
				0388C98022E61BBD008BED68 /* CAnimationFrame.h */,
				0388C97F22E61BBD008BED68 /* CButton.c */,
				0388C98822E61BBE008BED68 /* CButton.h */,
				0388C99D22E61BBE008BED68 /* CEngine.c */,
				0388C97E22E61BBD008BED68 /* CEngine.h */,
				0388C98622E61BBE008BED68 /* CEntity.c */,
				0388C97A22E61BBD008BED68 /* CEntity.h */,
				0388C98422E61BBE008BED68 /* CInput.c */,
				0388C99822E61BBE008BED68 /* CInput.h */,
				0388C98A22E61BBE008BED68 /* cJSON */,
				0388C99E22E61BBE008BED68 /* CLabel.c */,
				0388C98522E61BBE008BED68 /* CLabel.h */,
				0388C97922E61BBD008BED68 /* CListQueue.c */,
				0388C99A22E61BBE008BED68 /* CListQueue.h */,
				0388C99C22E61BBE008BED68 /* CNoiseTable.h */,
				0388C97D22E61BBD008BED68 /* CStr.c */,
				0388C98322E61BBD008BED68 /* CStr.h */,
				0388C99622E61BBE008BED68 /* CSynth.c */,
				0388C97822E61BBD008BED68 /* CSynth.h */,
				0388C98122E61BBD008BED68 /* CTimer.c */,
				0388C97B22E61BBD008BED68 /* CTimer.h */,
				0388C99922E61BBE008BED68 /* CTouch.c */,
				0388C99722E61BBE008BED68 /* CTouch.h */,
				0399B2F617F35C1D005ACCBE /* main.c */,
				033AC4891A99DEC000183CD7 /* chars_gfx.h */,
				035B60571AADA84700E41249 /* dir_posix.c */,
				035B60581AADA84700E41249 /* dir_posix.h */,
				035B605A1AADAA3100E41249 /* file_settings.h */,
				03BA8FB71AFB5EAB00F296DB /* osx_settings.m */,
				03BA8FB91AFB5EB800F296DB /* osx_settings.h */,
			);
			path = src;
			sourceTree = "<group>";
		};
		0388C98A22E61BBE008BED68 /* cJSON */ = {
			isa = PBXGroup;
			children = (
				0388C98B22E61BBE008BED68 /* LICENSE */,
				0388C98C22E61BBE008BED68 /* cJSON.h */,
				0388C98D22E61BBE008BED68 /* tests */,
				0388C99322E61BBE008BED68 /* README */,
				0388C99422E61BBE008BED68 /* cJSON.c */,
				0388C99522E61BBE008BED68 /* test.c */,
			);
			path = cJSON;
			sourceTree = "<group>";
		};
		0388C98D22E61BBE008BED68 /* tests */ = {
			isa = PBXGroup;
			children = (
				0388C98E22E61BBE008BED68 /* test1 */,
				0388C98F22E61BBE008BED68 /* test4 */,
				0388C99022E61BBE008BED68 /* test3 */,
				0388C99122E61BBE008BED68 /* test2 */,
				0388C99222E61BBE008BED68 /* test5 */,
			);
			path = tests;
			sourceTree = "<group>";
		};
		0399B2DE17F35C1D005ACCBE = {
			isa = PBXGroup;
			children = (
				03D930E71AA491AC000251CC /* res */,
				0399B2F017F35C1D005ACCBE /* snibbetracker */,
				0399B2E917F35C1D005ACCBE /* Frameworks */,
				0399B2E817F35C1D005ACCBE /* Products */,
			);
			sourceTree = "<group>";
		};
		0399B2E817F35C1D005ACCBE /* Products */ = {
			isa = PBXGroup;
			children = (
				0399B2E717F35C1D005ACCBE /* snibbetracker.app */,
			);
			name = Products;
			sourceTree = "<group>";
		};
		0399B2E917F35C1D005ACCBE /* Frameworks */ = {
			isa = PBXGroup;
			children = (
				03758DED1A9C7451005882C2 /* OpenGL.framework */,
				03C75C971A96370E00DA3DE7 /* AppKit.framework */,
				0399B30717F35D84005ACCBE /* SDL2.framework */,
			);
			name = Frameworks;
			sourceTree = "<group>";
		};
		0399B2F017F35C1D005ACCBE /* snibbetracker */ = {
			isa = PBXGroup;
			children = (
				0388C97722E61A87008BED68 /* src */,
				0399B2F117F35C1D005ACCBE /* Supporting Files */,
			);
			path = snibbetracker;
			sourceTree = "<group>";
		};
		0399B2F117F35C1D005ACCBE /* Supporting Files */ = {
			isa = PBXGroup;
			children = (
				0399B2F217F35C1D005ACCBE /* snibbetracker-Info.plist */,
				0399B2F317F35C1D005ACCBE /* InfoPlist.strings */,
			);
			name = "Supporting Files";
			sourceTree = "<group>";
		};
		03A431921DACE5670069859A /* demos */ = {
			isa = PBXGroup;
			children = (
				03EB37231DB0FF720026857F /* projectcart.snibb */,
				03A431931DACE5670069859A /* catslayer.snibb */,
				03A431941DACE5670069859A /* dunsa2.snibb */,
				03A431951DACE5670069859A /* fiskbolja.snibb */,
				03A431961DACE5670069859A /* horizon.snibb */,
				03A431971DACE5670069859A /* kissemisse.snibb */,
				03A431981DACE5670069859A /* korvhastig.snibb */,
				03A431991DACE5670069859A /* laptopmidi.snibb */,
				03A4319A1DACE5670069859A /* websnacks.snibb */,
				03A4319B1DACE5670069859A /* wrestchest.snibb */,
			);
			path = demos;
			sourceTree = "<group>";
		};
		03D930E71AA491AC000251CC /* res */ = {
			isa = PBXGroup;
			children = (
				03A431921DACE5670069859A /* demos */,
				03BA8FB51AFB5C4F00F296DB /* config.txt */,
				03BA8FB21AFB3AF800F296DB /* [IconName].iconset */,
				0360E0931AA9A305006B4276 /* readme.txt */,
			);
			path = res;
			sourceTree = "<group>";
		};
/* End PBXGroup section */

/* Begin PBXNativeTarget section */
		0399B2E617F35C1D005ACCBE /* snibbetracker */ = {
			isa = PBXNativeTarget;
			buildConfigurationList = 0399B30417F35C1D005ACCBE /* Build configuration list for PBXNativeTarget "snibbetracker" */;
			buildPhases = (
				0399B2E317F35C1D005ACCBE /* Sources */,
				0399B2E417F35C1D005ACCBE /* Frameworks */,
				0399B2E517F35C1D005ACCBE /* Resources */,
				03FD05B817F361CA00E1F97F /* CopyFiles */,
			);
			buildRules = (
			);
			dependencies = (
			);
			name = snibbetracker;
			productName = SDL2_template;
			productReference = 0399B2E717F35C1D005ACCBE /* snibbetracker.app */;
			productType = "com.apple.product-type.application";
		};
/* End PBXNativeTarget section */

/* Begin PBXProject section */
		0399B2DF17F35C1D005ACCBE /* Project object */ = {
			isa = PBXProject;
			attributes = {
				LastUpgradeCheck = 0610;
				ORGANIZATIONNAME = D;
				TargetAttributes = {
					0399B2E617F35C1D005ACCBE = {
						DevelopmentTeam = QM9YTQA8XQ;
						ProvisioningStyle = Manual;
						SystemCapabilities = {
							com.apple.Sandbox = {
								enabled = 0;
							};
						};
					};
				};
			};
			buildConfigurationList = 0399B2E217F35C1D005ACCBE /* Build configuration list for PBXProject "snibbetracker" */;
			compatibilityVersion = "Xcode 3.2";
			developmentRegion = English;
			hasScannedForEncodings = 0;
			knownRegions = (
				en,
			);
			mainGroup = 0399B2DE17F35C1D005ACCBE;
			productRefGroup = 0399B2E817F35C1D005ACCBE /* Products */;
			projectDirPath = "";
			projectRoot = "";
			targets = (
				0399B2E617F35C1D005ACCBE /* snibbetracker */,
			);
		};
/* End PBXProject section */

/* Begin PBXResourcesBuildPhase section */
		0399B2E517F35C1D005ACCBE /* Resources */ = {
			isa = PBXResourcesBuildPhase;
			buildActionMask = 2147483647;
			files = (
				03A431A01DACE5670069859A /* kissemisse.snibb in Resources */,
				0360E0941AA9A305006B4276 /* readme.txt in Resources */,
				0388C9AC22E61BBE008BED68 /* test5 in Resources */,
				03BA8FB31AFB3AF800F296DB /* [IconName].iconset in Resources */,
				0388C9AB22E61BBE008BED68 /* test2 in Resources */,
				03A4319F1DACE5670069859A /* horizon.snibb in Resources */,
				0388C9AD22E61BBE008BED68 /* README in Resources */,
				03A431A21DACE5670069859A /* laptopmidi.snibb in Resources */,
				03BA8FB61AFB5C4F00F296DB /* config.txt in Resources */,
				0388C9A822E61BBE008BED68 /* test1 in Resources */,
				03A4319D1DACE5670069859A /* dunsa2.snibb in Resources */,
				03A431A11DACE5670069859A /* korvhastig.snibb in Resources */,
				03A431A31DACE5670069859A /* websnacks.snibb in Resources */,
				0388C9A722E61BBE008BED68 /* LICENSE in Resources */,
				0399B2F517F35C1D005ACCBE /* InfoPlist.strings in Resources */,
				0388C9AA22E61BBE008BED68 /* test3 in Resources */,
				0388C9A922E61BBE008BED68 /* test4 in Resources */,
				03EB37241DB0FF720026857F /* projectcart.snibb in Resources */,
				03A4319E1DACE5670069859A /* fiskbolja.snibb in Resources */,
				03A431A41DACE5670069859A /* wrestchest.snibb in Resources */,
				03A4319C1DACE5670069859A /* catslayer.snibb in Resources */,
			);
			runOnlyForDeploymentPostprocessing = 0;
		};
/* End PBXResourcesBuildPhase section */

/* Begin PBXSourcesBuildPhase section */
		0399B2E317F35C1D005ACCBE /* Sources */ = {
			isa = PBXSourcesBuildPhase;
			buildActionMask = 2147483647;
			files = (
				0388C9B322E61BBE008BED68 /* CEngine.c in Sources */,
				0388C9B122E61BBE008BED68 /* CTouch.c in Sources */,
				0388C9AF22E61BBE008BED68 /* test.c in Sources */,
				03BA8FB81AFB5EAB00F296DB /* osx_settings.m in Sources */,
				0388C9B222E61BBE008BED68 /* CAllocator.c in Sources */,
				0388C9B022E61BBE008BED68 /* CSynth.c in Sources */,
				0388C9A222E61BBE008BED68 /* CTimer.c in Sources */,
				0388C9A622E61BBE008BED68 /* CAnimationFrame.c in Sources */,
				0388C99F22E61BBE008BED68 /* CListQueue.c in Sources */,
				0388C9A422E61BBE008BED68 /* CEntity.c in Sources */,
				0388C9AE22E61BBE008BED68 /* cJSON.c in Sources */,
				0388C9A522E61BBE008BED68 /* CAnimation.c in Sources */,
				0388C9A322E61BBE008BED68 /* CInput.c in Sources */,
				0388C9A022E61BBE008BED68 /* CStr.c in Sources */,
				035B60591AADA84700E41249 /* dir_posix.c in Sources */,
				0388C9B422E61BBE008BED68 /* CLabel.c in Sources */,
				0388C9A122E61BBE008BED68 /* CButton.c in Sources */,
				0399B2F717F35C1D005ACCBE /* main.c in Sources */,
			);
			runOnlyForDeploymentPostprocessing = 0;
		};
/* End PBXSourcesBuildPhase section */

/* Begin PBXVariantGroup section */
		0399B2F317F35C1D005ACCBE /* InfoPlist.strings */ = {
			isa = PBXVariantGroup;
			children = (
				0399B2F417F35C1D005ACCBE /* en */,
			);
			name = InfoPlist.strings;
			sourceTree = "<group>";
		};
/* End PBXVariantGroup section */

/* Begin XCBuildConfiguration section */
		0399B30217F35C1D005ACCBE /* Debug */ = {
			isa = XCBuildConfiguration;
			buildSettings = {
				ALWAYS_SEARCH_USER_PATHS = NO;
				CLANG_CXX_LANGUAGE_STANDARD = "gnu++0x";
				CLANG_CXX_LIBRARY = "libc++";
				CLANG_ENABLE_OBJC_ARC = YES;
				CLANG_WARN_CONSTANT_CONVERSION = YES;
				CLANG_WARN_EMPTY_BODY = YES;
				CLANG_WARN_ENUM_CONVERSION = YES;
				CLANG_WARN_INT_CONVERSION = YES;
				CLANG_WARN__DUPLICATE_METHOD_MATCH = YES;
				COPY_PHASE_STRIP = NO;
				GCC_C_LANGUAGE_STANDARD = gnu99;
				GCC_DYNAMIC_NO_PIC = NO;
				GCC_ENABLE_OBJC_EXCEPTIONS = YES;
				GCC_OPTIMIZATION_LEVEL = 0;
				GCC_PREPROCESSOR_DEFINITIONS = (
					"DEBUG=1",
					"$(inherited)",
				);
				GCC_SYMBOLS_PRIVATE_EXTERN = NO;
				GCC_WARN_64_TO_32_BIT_CONVERSION = YES;
				GCC_WARN_ABOUT_RETURN_TYPE = YES;
				GCC_WARN_UNINITIALIZED_AUTOS = YES;
				GCC_WARN_UNUSED_VARIABLE = YES;
				MACOSX_DEPLOYMENT_TARGET = 10.8;
				ONLY_ACTIVE_ARCH = YES;
				SDKROOT = macosx;
			};
			name = Debug;
		};
		0399B30317F35C1D005ACCBE /* Release */ = {
			isa = XCBuildConfiguration;
			buildSettings = {
				ALWAYS_SEARCH_USER_PATHS = NO;
				CLANG_CXX_LANGUAGE_STANDARD = "gnu++0x";
				CLANG_CXX_LIBRARY = "libc++";
				CLANG_ENABLE_OBJC_ARC = YES;
				CLANG_WARN_CONSTANT_CONVERSION = YES;
				CLANG_WARN_EMPTY_BODY = YES;
				CLANG_WARN_ENUM_CONVERSION = YES;
				CLANG_WARN_INT_CONVERSION = YES;
				CLANG_WARN__DUPLICATE_METHOD_MATCH = YES;
				COPY_PHASE_STRIP = YES;
				DEBUG_INFORMATION_FORMAT = "dwarf-with-dsym";
				GCC_C_LANGUAGE_STANDARD = gnu99;
				GCC_ENABLE_OBJC_EXCEPTIONS = YES;
				GCC_WARN_64_TO_32_BIT_CONVERSION = YES;
				GCC_WARN_ABOUT_RETURN_TYPE = YES;
				GCC_WARN_UNINITIALIZED_AUTOS = YES;
				GCC_WARN_UNUSED_VARIABLE = YES;
				MACOSX_DEPLOYMENT_TARGET = 10.8;
				SDKROOT = macosx;
			};
			name = Release;
		};
		0399B30517F35C1D005ACCBE /* Debug */ = {
			isa = XCBuildConfiguration;
			buildSettings = {
				ARCHS = "$(ARCHS_STANDARD)";
				CLANG_WARN_SUSPICIOUS_IMPLICIT_CONVERSION = YES;
				CODE_SIGN_IDENTITY = "Mac Developer";
				COMBINE_HIDPI_IMAGES = YES;
				DEVELOPMENT_TEAM = QM9YTQA8XQ;
				FRAMEWORK_SEARCH_PATHS = (
					/Library/Frameworks,
					"$(LOCAL_LIBRARY_DIR)/Frameworks",
				);
				GCC_C_LANGUAGE_STANDARD = c99;
				GCC_PRECOMPILE_PREFIX_HEADER = YES;
				GCC_PREFIX_HEADER = "";
				GCC_WARN_PEDANTIC = NO;
				INFOPLIST_FILE = "snibbetracker/snibbetracker-Info.plist";
				LD_RUNPATH_SEARCH_PATHS = "@executable_path/../Frameworks";
				PRODUCT_BUNDLE_IDENTIFIER = com.harrylundstrom.snibbetracker;
				PRODUCT_NAME = snibbetracker;
				PROVISIONING_PROFILE = "2916dd01-98e5-4815-a829-1aee8083203f";
				PROVISIONING_PROFILE_SPECIFIER = snibbetracker_mac_dev_profile;
				WRAPPER_EXTENSION = app;
			};
			name = Debug;
		};
		0399B30617F35C1D005ACCBE /* Release */ = {
			isa = XCBuildConfiguration;
			buildSettings = {
				ARCHS = "$(ARCHS_STANDARD)";
				CLANG_WARN_SUSPICIOUS_IMPLICIT_CONVERSION = YES;
				CODE_SIGN_IDENTITY = "Developer ID Application";
				COMBINE_HIDPI_IMAGES = YES;
				DEVELOPMENT_TEAM = QM9YTQA8XQ;
				FRAMEWORK_SEARCH_PATHS = (
					/Library/Frameworks,
					"$(LOCAL_LIBRARY_DIR)/Frameworks",
				);
				GCC_C_LANGUAGE_STANDARD = c99;
				GCC_PRECOMPILE_PREFIX_HEADER = YES;
				GCC_PREFIX_HEADER = "";
				GCC_WARN_PEDANTIC = NO;
				INFOPLIST_FILE = "snibbetracker/snibbetracker-Info.plist";
				LD_RUNPATH_SEARCH_PATHS = "@executable_path/../Frameworks";
				PRODUCT_BUNDLE_IDENTIFIER = com.harrylundstrom.snibbetracker;
				PRODUCT_NAME = snibbetracker;
				PROVISIONING_PROFILE = "0fd81e7e-7104-4d42-a779-162489b185ed";
				PROVISIONING_PROFILE_SPECIFIER = snibbetracker_mac_dist_profile;
				WRAPPER_EXTENSION = app;
			};
			name = Release;
		};
/* End XCBuildConfiguration section */

/* Begin XCConfigurationList section */
		0399B2E217F35C1D005ACCBE /* Build configuration list for PBXProject "snibbetracker" */ = {
			isa = XCConfigurationList;
			buildConfigurations = (
				0399B30217F35C1D005ACCBE /* Debug */,
				0399B30317F35C1D005ACCBE /* Release */,
			);
			defaultConfigurationIsVisible = 0;
			defaultConfigurationName = Release;
		};
		0399B30417F35C1D005ACCBE /* Build configuration list for PBXNativeTarget "snibbetracker" */ = {
			isa = XCConfigurationList;
			buildConfigurations = (
				0399B30517F35C1D005ACCBE /* Debug */,
				0399B30617F35C1D005ACCBE /* Release */,
			);
			defaultConfigurationIsVisible = 0;
			defaultConfigurationName = Release;
		};
/* End XCConfigurationList section */
	};
	rootObject = 0399B2DF17F35C1D005ACCBE /* Project object */;
}
